
Microsoft Visual Studio Solution File, Format Version 12.00
# Visual Studio Version 16
VisualStudioVersion = 16.0.31624.102
MinimumVisualStudioVersion = 10.0.40219.1
Project("{9A19103F-16F7-4668-BE54-9A1E7A4F7556}") = "Veterinaria", "Veterinaria\Veterinaria.csproj", "{6E9C4A1D-DAB5-448C-A2A1-6CD96C23298C}"
EndProject
Global
	GlobalSection(SolutionConfigurationPlatforms) = preSolution
		Debug|Any CPU = Debug|Any CPU
		Release|Any CPU = Release|Any CPU
	EndGlobalSection
	GlobalSection(ProjectConfigurationPlatforms) = postSolution
		{6E9C4A1D-DAB5-448C-A2A1-6CD96C23298C}.Debug|Any CPU.ActiveCfg = Debug|Any CPU
		{6E9C4A1D-DAB5-448C-A2A1-6CD96C23298C}.Debug|Any CPU.Build.0 = Debug|Any CPU
		{6E9C4A1D-DAB5-448C-A2A1-6CD96C23298C}.Release|Any CPU.ActiveCfg = Release|Any CPU
		{6E9C4A1D-DAB5-448C-A2A1-6CD96C23298C}.Release|Any CPU.Build.0 = Release|Any CPU
	EndGlobalSection
	GlobalSection(SolutionProperties) = preSolution
		HideSolutionNode = FALSE
	EndGlobalSection
	GlobalSection(ExtensibilityGlobals) = postSolution
		SolutionGuid = {E31B922C-B38A-4511-A6F5-CAF3E1BDDEB3}
	EndGlobalSection
EndGlobal
